
Microsoft Visual Studio Solution File, Format Version 12.00
# Visual Studio Version 17
VisualStudioVersion = 17.14.37301.10 d17.14
MinimumVisualStudioVersion = 10.0.40219.1
Project("{FAE04EC0-301F-11D3-BF4B-00C04F79EFBC}") = "PracticaSockets_Core", "PracticaSockets_Core\PracticaSockets_Core.csproj", "{A2D1BE5F-DC39-438D-927D-C0234124C55E}"
EndProject
Project("{FAE04EC0-301F-11D3-BF4B-00C04F79EFBC}") = "PracticaSockets_Server", "PracticaSockets_Server\PracticaSockets_Server.csproj", "{4BE3C308-005B-41C1-B314-F63AD5EB259F}"
EndProject
Project("{FAE04EC0-301F-11D3-BF4B-00C04F79EFBC}") = "PracticaSockets_Client", "PracticaSockets_Client\PracticaSockets_Client.csproj", "{CF63307D-0F64-44C3-975D-D313CEFBB484}"
EndProject
Global
	GlobalSection(SolutionConfigurationPlatforms) = preSolution
		Debug|Any CPU = Debug|Any CPU
		Release|Any CPU = Release|Any CPU
	EndGlobalSection
	GlobalSection(ProjectConfigurationPlatforms) = postSolution
		{A2D1BE5F-DC39-438D-927D-C0234124C55E}.Debug|Any CPU.ActiveCfg = Debug|Any CPU
		{A2D1BE5F-DC39-438D-927D-C0234124C55E}.Debug|Any CPU.Build.0 = Debug|Any CPU
		{A2D1BE5F-DC39-438D-927D-C0234124C55E}.Release|Any CPU.ActiveCfg = Release|Any CPU
		{A2D1BE5F-DC39-438D-927D-C0234124C55E}.Release|Any CPU.Build.0 = Release|Any CPU
		{4BE3C308-005B-41C1-B314-F63AD5EB259F}.Debug|Any CPU.ActiveCfg = Debug|Any CPU
		{4BE3C308-005B-41C1-B314-F63AD5EB259F}.Debug|Any CPU.Build.0 = Debug|Any CPU
		{4BE3C308-005B-41C1-B314-F63AD5EB259F}.Release|Any CPU.ActiveCfg = Release|Any CPU
		{4BE3C308-005B-41C1-B314-F63AD5EB259F}.Release|Any CPU.Build.0 = Release|Any CPU
		{CF63307D-0F64-44C3-975D-D313CEFBB484}.Debug|Any CPU.ActiveCfg = Debug|Any CPU
		{CF63307D-0F64-44C3-975D-D313CEFBB484}.Debug|Any CPU.Build.0 = Debug|Any CPU
		{CF63307D-0F64-44C3-975D-D313CEFBB484}.Release|Any CPU.ActiveCfg = Release|Any CPU
		{CF63307D-0F64-44C3-975D-D313CEFBB484}.Release|Any CPU.Build.0 = Release|Any CPU
	EndGlobalSection
	GlobalSection(SolutionProperties) = preSolution
		HideSolutionNode = FALSE
	EndGlobalSection
	GlobalSection(ExtensibilityGlobals) = postSolution
		SolutionGuid = {9408349E-7ED2-4493-B6DB-EF527B719344}
	EndGlobalSection
EndGlobal
